// !$*UTF8*$!
{
	archiveVersion = 1;
	classes = {
	};
	objectVersion = 50;
	objects = {

/* Begin PBXBuildFile section */
		716324F12317BC6600014AAC /* AppDelegate.swift in Sources */ = {isa = PBXBuildFile; fileRef = 716324F02317BC6600014AAC /* AppDelegate.swift */; };
		716324F32317BC6600014AAC /* LoginViewController.swift in Sources */ = {isa = PBXBuildFile; fileRef = 716324F22317BC6600014AAC /* LoginViewController.swift */; };
		716324F62317BC6600014AAC /* Main.storyboard in Resources */ = {isa = PBXBuildFile; fileRef = 716324F42317BC6600014AAC /* Main.storyboard */; };
		716324F92317BC6600014AAC /* signinsignup_1.xcdatamodeld in Sources */ = {isa = PBXBuildFile; fileRef = 716324F72317BC6600014AAC /* signinsignup_1.xcdatamodeld */; };
		716324FB2317BC6800014AAC /* Assets.xcassets in Resources */ = {isa = PBXBuildFile; fileRef = 716324FA2317BC6800014AAC /* Assets.xcassets */; };
		716324FE2317BC6800014AAC /* LaunchScreen.storyboard in Resources */ = {isa = PBXBuildFile; fileRef = 716324FC2317BC6800014AAC /* LaunchScreen.storyboard */; };
		716325062317BDB500014AAC /* RegisterViewController.swift in Sources */ = {isa = PBXBuildFile; fileRef = 716325052317BDB500014AAC /* RegisterViewController.swift */; };
/* End PBXBuildFile section */

/* Begin PBXFileReference section */
		716324ED2317BC6600014AAC /* signinsignup-1.app */ = {isa = PBXFileReference; explicitFileType = wrapper.application; includeInIndex = 0; path = "signinsignup-1.app"; sourceTree = BUILT_PRODUCTS_DIR; };
		716324F02317BC6600014AAC /* AppDelegate.swift */ = {isa = PBXFileReference; lastKnownFileType = sourcecode.swift; path = AppDelegate.swift; sourceTree = "<group>"; };
		716324F22317BC6600014AAC /* LoginViewController.swift */ = {isa = PBXFileReference; lastKnownFileType = sourcecode.swift; path = LoginViewController.swift; sourceTree = "<group>"; };
		716324F52317BC6600014AAC /* Base */ = {isa = PBXFileReference; lastKnownFileType = file.storyboard; name = Base; path = Base.lproj/Main.storyboard; sourceTree = "<group>"; };
		716324F82317BC6600014AAC /* signinsignup_1.xcdatamodel */ = {isa = PBXFileReference; lastKnownFileType = wrapper.xcdatamodel; path = signinsignup_1.xcdatamodel; sourceTree = "<group>"; };
		716324FA2317BC6800014AAC /* Assets.xcassets */ = {isa = PBXFileReference; lastKnownFileType = folder.assetcatalog; path = Assets.xcassets; sourceTree = "<group>"; };
		716324FD2317BC6800014AAC /* Base */ = {isa = PBXFileReference; lastKnownFileType = file.storyboard; name = Base; path = Base.lproj/LaunchScreen.storyboard; sourceTree = "<group>"; };
		716324FF2317BC6800014AAC /* Info.plist */ = {isa = PBXFileReference; lastKnownFileType = text.plist.xml; path = Info.plist; sourceTree = "<group>"; };
		716325052317BDB500014AAC /* RegisterViewController.swift */ = {isa = PBXFileReference; lastKnownFileType = sourcecode.swift; path = RegisterViewController.swift; sourceTree = "<group>"; };
/* End PBXFileReference section */

/* Begin PBXFrameworksBuildPhase section */
		716324EA2317BC6600014AAC /* Frameworks */ = {
			isa = PBXFrameworksBuildPhase;
			buildActionMask = 2147483647;
			files = (
			);
			runOnlyForDeploymentPostprocessing = 0;
		};
/* End PBXFrameworksBuildPhase section */

/* Begin PBXGroup section */
		716324E42317BC6600014AAC = {
			isa = PBXGroup;
			children = (
				716324EF2317BC6600014AAC /* signinsignup-1 */,
				716324EE2317BC6600014AAC /* Products */,
			);
			sourceTree = "<group>";
		};
		716324EE2317BC6600014AAC /* Products */ = {
			isa = PBXGroup;
			children = (
				716324ED2317BC6600014AAC /* signinsignup-1.app */,
			);
			name = Products;
			sourceTree = "<group>";
		};
		716324EF2317BC6600014AAC /* signinsignup-1 */ = {
			isa = PBXGroup;
			children = (
				716324F02317BC6600014AAC /* AppDelegate.swift */,
				716324F22317BC6600014AAC /* LoginViewController.swift */,
				716325052317BDB500014AAC /* RegisterViewController.swift */,
				716324F42317BC6600014AAC /* Main.storyboard */,
				716324FA2317BC6800014AAC /* Assets.xcassets */,
				716324FC2317BC6800014AAC /* LaunchScreen.storyboard */,
				716324FF2317BC6800014AAC /* Info.plist */,
				716324F72317BC6600014AAC /* signinsignup_1.xcdatamodeld */,
			);
			path = "signinsignup-1";
			sourceTree = "<group>";
		};
/* End PBXGroup section */

/* Begin PBXNativeTarget section */
		716324EC2317BC6600014AAC /* signinsignup-1 */ = {
			isa = PBXNativeTarget;
			buildConfigurationList = 716325022317BC6800014AAC /* Build configuration list for PBXNativeTarget "signinsignup-1" */;
			buildPhases = (
				716324E92317BC6600014AAC /* Sources */,
				716324EA2317BC6600014AAC /* Frameworks */,
				716324EB2317BC6600014AAC /* Resources */,
			);
			buildRules = (
			);
			dependencies = (
			);
			name = "signinsignup-1";
			productName = "signinsignup-1";
			productReference = 716324ED2317BC6600014AAC /* signinsignup-1.app */;
			productType = "com.apple.product-type.application";
		};
/* End PBXNativeTarget section */

/* Begin PBXProject section */
		716324E52317BC6600014AAC /* Project object */ = {
			isa = PBXProject;
			attributes = {
				LastSwiftUpdateCheck = 1030;
				LastUpgradeCheck = 1030;
				ORGANIZATIONNAME = "Kerim Çağlar";
				TargetAttributes = {
					716324EC2317BC6600014AAC = {
						CreatedOnToolsVersion = 10.3;
					};
				};
			};
			buildConfigurationList = 716324E82317BC6600014AAC /* Build configuration list for PBXProject "signinsignup-1" */;
			compatibilityVersion = "Xcode 9.3";
			developmentRegion = en;
			hasScannedForEncodings = 0;
			knownRegions = (
				en,
				Base,
			);
			mainGroup = 716324E42317BC6600014AAC;
			productRefGroup = 716324EE2317BC6600014AAC /* Products */;
			projectDirPath = "";
			projectRoot = "";
			targets = (
				716324EC2317BC6600014AAC /* signinsignup-1 */,
			);
		};
/* End PBXProject section */

/* Begin PBXResourcesBuildPhase section */
		716324EB2317BC6600014AAC /* Resources */ = {
			isa = PBXResourcesBuildPhase;
			buildActionMask = 2147483647;
			files = (
				716324FE2317BC6800014AAC /* LaunchScreen.storyboard in Resources */,
				716324FB2317BC6800014AAC /* Assets.xcassets in Resources */,
				716324F62317BC6600014AAC /* Main.storyboard in Resources */,
			);
			runOnlyForDeploymentPostprocessing = 0;
		};
/* End PBXResourcesBuildPhase section */

/* Begin PBXSourcesBuildPhase section */
		716324E92317BC6600014AAC /* Sources */ = {
			isa = PBXSourcesBuildPhase;
			buildActionMask = 2147483647;
			files = (
				716324F92317BC6600014AAC /* signinsignup_1.xcdatamodeld in Sources */,
				716324F32317BC6600014AAC /* LoginViewController.swift in Sources */,
				716324F12317BC6600014AAC /* AppDelegate.swift in Sources */,
				716325062317BDB500014AAC /* RegisterViewController.swift in Sources */,
			);
			runOnlyForDeploymentPostprocessing = 0;
		};
/* End PBXSourcesBuildPhase section */

/* Begin PBXVariantGroup section */
		716324F42317BC6600014AAC /* Main.storyboard */ = {
			isa = PBXVariantGroup;
			children = (
				716324F52317BC6600014AAC /* Base */,
			);
			name = Main.storyboard;
			sourceTree = "<group>";
		};
		716324FC2317BC6800014AAC /* LaunchScreen.storyboard */ = {
			isa = PBXVariantGroup;
			children = (
				716324FD2317BC6800014AAC /* Base */,
			);
			name = LaunchScreen.storyboard;
			sourceTree = "<group>";
		};
/* End PBXVariantGroup section */

/* Begin XCBuildConfiguration section */
		716325002317BC6800014AAC /* Debug */ = {
			isa = XCBuildConfiguration;
			buildSettings = {
				ALWAYS_SEARCH_USER_PATHS = NO;
				CLANG_ANALYZER_NONNULL = YES;
				CLANG_ANALYZER_NUMBER_OBJECT_CONVERSION = YES_AGGRESSIVE;
				CLANG_CXX_LANGUAGE_STANDARD = "gnu++14";
				CLANG_CXX_LIBRARY = "libc++";
				CLANG_ENABLE_MODULES = YES;
				CLANG_ENABLE_OBJC_ARC = YES;
				CLANG_ENABLE_OBJC_WEAK = YES;
				CLANG_WARN_BLOCK_CAPTURE_AUTORELEASING = YES;
				CLANG_WARN_BOOL_CONVERSION = YES;
				CLANG_WARN_COMMA = YES;
				CLANG_WARN_CONSTANT_CONVERSION = YES;
				CLANG_WARN_DEPRECATED_OBJC_IMPLEMENTATIONS = YES;
				CLANG_WARN_DIRECT_OBJC_ISA_USAGE = YES_ERROR;
				CLANG_WARN_DOCUMENTATION_COMMENTS = YES;
				CLANG_WARN_EMPTY_BODY = YES;
				CLANG_WARN_ENUM_CONVERSION = YES;
				CLANG_WARN_INFINITE_RECURSION = YES;
				CLANG_WARN_INT_CONVERSION = YES;
				CLANG_WARN_NON_LITERAL_NULL_CONVERSION = YES;
				CLANG_WARN_OBJC_IMPLICIT_RETAIN_SELF = YES;
				CLANG_WARN_OBJC_LITERAL_CONVERSION = YES;
				CLANG_WARN_OBJC_ROOT_CLASS = YES_ERROR;
				CLANG_WARN_RANGE_LOOP_ANALYSIS = YES;
				CLANG_WARN_STRICT_PROTOTYPES = YES;
				CLANG_WARN_SUSPICIOUS_MOVE = YES;
				CLANG_WARN_UNGUARDED_AVAILABILITY = YES_AGGRESSIVE;
				CLANG_WARN_UNREACHABLE_CODE = YES;
				CLANG_WARN__DUPLICATE_METHOD_MATCH = YES;
				CODE_SIGN_IDENTITY = "iPhone Developer";
				COPY_PHASE_STRIP = NO;
				DEBUG_INFORMATION_FORMAT = dwarf;
				ENABLE_STRICT_OBJC_MSGSEND = YES;
				ENABLE_TESTABILITY = YES;
				GCC_C_LANGUAGE_STANDARD = gnu11;
				GCC_DYNAMIC_NO_PIC = NO;
				GCC_NO_COMMON_BLOCKS = YES;
				GCC_OPTIMIZATION_LEVEL = 0;
				GCC_PREPROCESSOR_DEFINITIONS = (
					"DEBUG=1",
					"$(inherited)",
				);
				GCC_WARN_64_TO_32_BIT_CONVERSION = YES;
				GCC_WARN_ABOUT_RETURN_TYPE = YES_ERROR;
				GCC_WARN_UNDECLARED_SELECTOR = YES;
				GCC_WARN_UNINITIALIZED_AUTOS = YES_AGGRESSIVE;
				GCC_WARN_UNUSED_FUNCTION = YES;
				GCC_WARN_UNUSED_VARIABLE = YES;
				IPHONEOS_DEPLOYMENT_TARGET = 12.4;
				MTL_ENABLE_DEBUG_INFO = INCLUDE_SOURCE;
				MTL_FAST_MATH = YES;
				ONLY_ACTIVE_ARCH = YES;
				SDKROOT = iphoneos;
				SWIFT_ACTIVE_COMPILATION_CONDITIONS = DEBUG;
				SWIFT_OPTIMIZATION_LEVEL = "-Onone";
			};
			name = Debug;
		};
		716325012317BC6800014AAC /* Release */ = {
			isa = XCBuildConfiguration;
			buildSettings = {
				ALWAYS_SEARCH_USER_PATHS = NO;
				CLANG_ANALYZER_NONNULL = YES;
				CLANG_ANALYZER_NUMBER_OBJECT_CONVERSION = YES_AGGRESSIVE;
				CLANG_CXX_LANGUAGE_STANDARD = "gnu++14";
				CLANG_CXX_LIBRARY = "libc++";
				CLANG_ENABLE_MODULES = YES;
				CLANG_ENABLE_OBJC_ARC = YES;
				CLANG_ENABLE_OBJC_WEAK = YES;
				CLANG_WARN_BLOCK_CAPTURE_AUTORELEASING = YES;
				CLANG_WARN_BOOL_CONVERSION = YES;
				CLANG_WARN_COMMA = YES;
				CLANG_WARN_CONSTANT_CONVERSION = YES;
				CLANG_WARN_DEPRECATED_OBJC_IMPLEMENTATIONS = YES;
				CLANG_WARN_DIRECT_OBJC_ISA_USAGE = YES_ERROR;
				CLANG_WARN_DOCUMENTATION_COMMENTS = YES;
				CLANG_WARN_EMPTY_BODY = YES;
				CLANG_WARN_ENUM_CONVERSION = YES;
				CLANG_WARN_INFINITE_RECURSION = YES;
				CLANG_WARN_INT_CONVERSION = YES;
				CLANG_WARN_NON_LITERAL_NULL_CONVERSION = YES;
				CLANG_WARN_OBJC_IMPLICIT_RETAIN_SELF = YES;
				CLANG_WARN_OBJC_LITERAL_CONVERSION = YES;
				CLANG_WARN_OBJC_ROOT_CLASS = YES_ERROR;
				CLANG_WARN_RANGE_LOOP_ANALYSIS = YES;
				CLANG_WARN_STRICT_PROTOTYPES = YES;
				CLANG_WARN_SUSPICIOUS_MOVE = YES;
				CLANG_WARN_UNGUARDED_AVAILABILITY = YES_AGGRESSIVE;
				CLANG_WARN_UNREACHABLE_CODE = YES;
				CLANG_WARN__DUPLICATE_METHOD_MATCH = YES;
				CODE_SIGN_IDENTITY = "iPhone Developer";
				COPY_PHASE_STRIP = NO;
				DEBUG_INFORMATION_FORMAT = "dwarf-with-dsym";
				ENABLE_NS_ASSERTIONS = NO;
				ENABLE_STRICT_OBJC_MSGSEND = YES;
				GCC_C_LANGUAGE_STANDARD = gnu11;
				GCC_NO_COMMON_BLOCKS = YES;
				GCC_WARN_64_TO_32_BIT_CONVERSION = YES;
				GCC_WARN_ABOUT_RETURN_TYPE = YES_ERROR;
				GCC_WARN_UNDECLARED_SELECTOR = YES;
				GCC_WARN_UNINITIALIZED_AUTOS = YES_AGGRESSIVE;
				GCC_WARN_UNUSED_FUNCTION = YES;
				GCC_WARN_UNUSED_VARIABLE = YES;
				IPHONEOS_DEPLOYMENT_TARGET = 12.4;
				MTL_ENABLE_DEBUG_INFO = NO;
				MTL_FAST_MATH = YES;
				SDKROOT = iphoneos;
				SWIFT_COMPILATION_MODE = wholemodule;
				SWIFT_OPTIMIZATION_LEVEL = "-O";
				VALIDATE_PRODUCT = YES;
			};
			name = Release;
		};
		716325032317BC6800014AAC /* Debug */ = {
			isa = XCBuildConfiguration;
			buildSettings = {
				ASSETCATALOG_COMPILER_APPICON_NAME = AppIcon;
				CODE_SIGN_STYLE = Automatic;
				DEVELOPMENT_TEAM = M2ZVLTD873;
				INFOPLIST_FILE = "signinsignup-1/Info.plist";
				LD_RUNPATH_SEARCH_PATHS = (
					"$(inherited)",
					"@executable_path/Frameworks",
				);
				PRODUCT_BUNDLE_IDENTIFIER = "com.kerimcaglar.signinsignup-1";
				PRODUCT_NAME = "$(TARGET_NAME)";
				SWIFT_VERSION = 5.0;
				TARGETED_DEVICE_FAMILY = "1,2";
			};
			name = Debug;
		};
		716325042317BC6800014AAC /* Release */ = {
			isa = XCBuildConfiguration;
			buildSettings = {
				ASSETCATALOG_COMPILER_APPICON_NAME = AppIcon;
				CODE_SIGN_STYLE = Automatic;
				DEVELOPMENT_TEAM = M2ZVLTD873;
				INFOPLIST_FILE = "signinsignup-1/Info.plist";
				LD_RUNPATH_SEARCH_PATHS = (
					"$(inherited)",
					"@executable_path/Frameworks",
				);
				PRODUCT_BUNDLE_IDENTIFIER = "com.kerimcaglar.signinsignup-1";
				PRODUCT_NAME = "$(TARGET_NAME)";
				SWIFT_VERSION = 5.0;
				TARGETED_DEVICE_FAMILY = "1,2";
			};
			name = Release;
		};
/* End XCBuildConfiguration section */

/* Begin XCConfigurationList section */
		716324E82317BC6600014AAC /* Build configuration list for PBXProject "signinsignup-1" */ = {
			isa = XCConfigurationList;
			buildConfigurations = (
				716325002317BC6800014AAC /* Debug */,
				716325012317BC6800014AAC /* Release */,
			);
			defaultConfigurationIsVisible = 0;
			defaultConfigurationName = Release;
		};
		716325022317BC6800014AAC /* Build configuration list for PBXNativeTarget "signinsignup-1" */ = {
			isa = XCConfigurationList;
			buildConfigurations = (
				716325032317BC6800014AAC /* Debug */,
				716325042317BC6800014AAC /* Release */,
			);
			defaultConfigurationIsVisible = 0;
			defaultConfigurationName = Release;
		};
/* End XCConfigurationList section */

/* Begin XCVersionGroup section */
		716324F72317BC6600014AAC /* signinsignup_1.xcdatamodeld */ = {
			isa = XCVersionGroup;
			children = (
				716324F82317BC6600014AAC /* signinsignup_1.xcdatamodel */,
			);
			currentVersion = 716324F82317BC6600014AAC /* signinsignup_1.xcdatamodel */;
			path = signinsignup_1.xcdatamodeld;
			sourceTree = "<group>";
			versionGroupType = wrapper.xcdatamodel;
		};
/* End XCVersionGroup section */
	};
	rootObject = 716324E52317BC6600014AAC /* Project object */;
}
